
Microsoft Visual Studio Solution File, Format Version 12.00
# Visual Studio Version 17
VisualStudioVersion = 17.0.31919.166
MinimumVisualStudioVersion = 10.0.40219.1
Project("{FAE04EC0-301F-11D3-BF4B-00C04F79EFBC}") = "WindowsFormsPractika", "WindowsFormsPractika\WindowsFormsPractika.csproj", "{B149D104-2775-407D-9B93-918C5EF39CCA}"
EndProject
Global
	GlobalSection(SolutionConfigurationPlatforms) = preSolution
		Debug|Any CPU = Debug|Any CPU
		Release|Any CPU = Release|Any CPU
	EndGlobalSection
	GlobalSection(ProjectConfigurationPlatforms) = postSolution
		{B149D104-2775-407D-9B93-918C5EF39CCA}.Debug|Any CPU.ActiveCfg = Debug|Any CPU
		{B149D104-2775-407D-9B93-918C5EF39CCA}.Debug|Any CPU.Build.0 = Debug|Any CPU
		{B149D104-2775-407D-9B93-918C5EF39CCA}.Release|Any CPU.ActiveCfg = Release|Any CPU
		{B149D104-2775-407D-9B93-918C5EF39CCA}.Release|Any CPU.Build.0 = Release|Any CPU
	EndGlobalSection
	GlobalSection(SolutionProperties) = preSolution
		HideSolutionNode = FALSE
	EndGlobalSection
	GlobalSection(ExtensibilityGlobals) = postSolution
		SolutionGuid = {E533E6DA-E8B4-41F8-A303-01F2DCCF6ED6}
	EndGlobalSection
EndGlobal
